PODS:
  - Bolts/Tasks (1.8.4)
  - ISScrollViewPageSwift (0.0.7)
  - Parse (1.14.2):
    - Bolts/Tasks (~> 1.8)

DEPENDENCIES:
  - ISScrollViewPageSwift (from `https://github.com/Ilhasoft/ISScrollViewPageSwift`, branch `swift3`)
  - Parse

EXTERNAL SOURCES:
  ISScrollViewPageSwift:
    :branch: swift3
    :git: https://github.com/Ilhasoft/ISScrollViewPageSwift

CHECKOUT OPTIONS:
  ISScrollViewPageSwift:
    :commit: 36ea50d1dfce34d5c2c8598f9c75d47a915526b8
    :git: https://github.com/Ilhasoft/ISScrollViewPageSwift

SPEC CHECKSUMS:
  Bolts: 8a7995239dbe724f9cba2248b766d48b7ebdd322
  ISScrollViewPageSwift: 2840b2c26fa43c50a5a0d0be6936f8ba3e983f45
  Parse: 4335d65f40cb3d43190d723144bbe1afb9c38230

PODFILE CHECKSUM: 6cce1f715dd8b2178e712d3273daa96ee7e04e34

COCOAPODS: 1.2.0
